<?xml version="1.0" encoding="UTF-8" standalone="yes" ?>
<CodeBlocks_project_file>
	<FileVersion major="1" minor="6" />
	<Project>
		<Option title="ALL" />
		<Option pch_mode="2" />
		<Option compiler="gcc" />
		<Build>
			<Target title="Debug">
				<Option output="bin/Debug/ALL" prefix_auto="1" extension_auto="1" />
				<Option object_output="obj/Debug/" />
				<Option type="1" />
				<Option compiler="gcc" />
				<Compiler>
					<Add option="-g" />
				</Compiler>
			</Target>
			<Target title="Release">
				<Option output="bin/Release/ALL" prefix_auto="1" extension_auto="1" />
				<Option object_output="obj/Release/" />
				<Option type="1" />
				<Option compiler="gcc" />
				<Compiler>
					<Add option="-O2" />
				</Compiler>
				<Linker>
					<Add option="-s" />
				</Linker>
			</Target>
		</Build>
		<Compiler>
			<Add option="-Wall" />
			<Add option="-fexceptions" />
		</Compiler>
		<Unit filename="C:/Users/NIRWAN/Desktop/GRPAH LIBRARY/Conditional_Random_Field.h" />
		<Unit filename="C:/Users/NIRWAN/Desktop/GRPAH LIBRARY/GCO_README.TXT" />
		<Unit filename="C:/Users/NIRWAN/Desktop/GRPAH LIBRARY/GCoptimization.cpp" />
		<Unit filename="C:/Users/NIRWAN/Desktop/GRPAH LIBRARY/GCoptimization.h" />
		<Unit filename="C:/Users/NIRWAN/Desktop/GRPAH LIBRARY/LinkedBlockList.cpp" />
		<Unit filename="C:/Users/NIRWAN/Desktop/GRPAH LIBRARY/LinkedBlockList.h" />
		<Unit filename="C:/Users/NIRWAN/Desktop/GRPAH LIBRARY/OPENCVCODEBOG.CPP" />
		<Unit filename="C:/Users/NIRWAN/Desktop/GRPAH LIBRARY/block.h" />
		<Unit filename="C:/Users/NIRWAN/Desktop/GRPAH LIBRARY/dictionary.yml" />
		<Unit filename="C:/Users/NIRWAN/Desktop/GRPAH LIBRARY/drawing.h" />
		<Unit filename="C:/Users/NIRWAN/Desktop/GRPAH LIBRARY/energy.h" />
		<Unit filename="C:/Users/NIRWAN/Desktop/GRPAH LIBRARY/example.cpp" />
		<Unit filename="C:/Users/NIRWAN/Desktop/GRPAH LIBRARY/graph.cpp" />
		<Unit filename="C:/Users/NIRWAN/Desktop/GRPAH LIBRARY/graph.h" />
		<Unit filename="C:/Users/NIRWAN/Desktop/GRPAH LIBRARY/makesuperpixelpresent.cpp" />
		<Unit filename="C:/Users/NIRWAN/Desktop/GRPAH LIBRARY/maxflow.cpp" />
		<Unit filename="C:/Users/NIRWAN/Desktop/GRPAH LIBRARY/my_svm.yml" />
		<Unit filename="slic.cpp" />
		<Unit filename="slic.h" />
		<Extensions>
			<code_completion />
			<envvars />
			<debugger />
			<lib_finder disable_auto="1" />
		</Extensions>
	</Project>
</CodeBlocks_project_file>
